
Microsoft Visual Studio Solution File, Format Version 12.00
# Visual Studio Version 16
VisualStudioVersion = 16.0.31729.503
MinimumVisualStudioVersion = 10.0.40219.1
Project("{FAE04EC0-301F-11D3-BF4B-00C04F79EFBC}") = "Lesson1", "Lesson1.csproj", "{A7B4600A-5BF2-4662-B4E2-6BC36C39B182}"
EndProject
Global
	GlobalSection(SolutionConfigurationPlatforms) = preSolution
		Debug|Any CPU = Debug|Any CPU
		Release|Any CPU = Release|Any CPU
	EndGlobalSection
	GlobalSection(ProjectConfigurationPlatforms) = postSolution
		{A7B4600A-5BF2-4662-B4E2-6BC36C39B182}.Debug|Any CPU.ActiveCfg = Debug|Any CPU
		{A7B4600A-5BF2-4662-B4E2-6BC36C39B182}.Debug|Any CPU.Build.0 = Debug|Any CPU
		{A7B4600A-5BF2-4662-B4E2-6BC36C39B182}.Release|Any CPU.ActiveCfg = Release|Any CPU
		{A7B4600A-5BF2-4662-B4E2-6BC36C39B182}.Release|Any CPU.Build.0 = Release|Any CPU
	EndGlobalSection
	GlobalSection(SolutionProperties) = preSolution
		HideSolutionNode = FALSE
	EndGlobalSection
	GlobalSection(ExtensibilityGlobals) = postSolution
		SolutionGuid = {823BCDE2-5AF0-4126-BB73-A0754A90C811}
	EndGlobalSection
EndGlobal
